
Microsoft Visual Studio Solution File, Format Version 12.00
# Visual Studio Version 17
VisualStudioVersion = 17.5.33113.105
MinimumVisualStudioVersion = 10.0.40219.1
Project("{FAE04EC0-301F-11D3-BF4B-00C04F79EFBC}") = "GitRepoLink", "GitRepoLink\GitRepoLink.csproj", "{B77401B4-F4D9-4E7E-8F22-EAAE98A48A64}"
EndProject
Global
	GlobalSection(SolutionConfigurationPlatforms) = preSolution
		Debug|Any CPU = Debug|Any CPU
		Debug|arm64 = Debug|arm64
		Debug|x86 = Debug|x86
		Release|Any CPU = Release|Any CPU
		Release|arm64 = Release|arm64
		Release|x86 = Release|x86
	EndGlobalSection
	GlobalSection(ProjectConfigurationPlatforms) = postSolution
		{B77401B4-F4D9-4E7E-8F22-EAAE98A48A64}.Debug|Any CPU.ActiveCfg = Debug|Any CPU
		{B77401B4-F4D9-4E7E-8F22-EAAE98A48A64}.Debug|Any CPU.Build.0 = Debug|Any CPU
		{B77401B4-F4D9-4E7E-8F22-EAAE98A48A64}.Debug|arm64.ActiveCfg = Debug|arm64
		{B77401B4-F4D9-4E7E-8F22-EAAE98A48A64}.Debug|arm64.Build.0 = Debug|arm64
		{B77401B4-F4D9-4E7E-8F22-EAAE98A48A64}.Debug|x86.ActiveCfg = Debug|x86
		{B77401B4-F4D9-4E7E-8F22-EAAE98A48A64}.Debug|x86.Build.0 = Debug|x86
		{B77401B4-F4D9-4E7E-8F22-EAAE98A48A64}.Release|Any CPU.ActiveCfg = Release|Any CPU
		{B77401B4-F4D9-4E7E-8F22-EAAE98A48A64}.Release|Any CPU.Build.0 = Release|Any CPU
		{B77401B4-F4D9-4E7E-8F22-EAAE98A48A64}.Release|arm64.ActiveCfg = Release|arm64
		{B77401B4-F4D9-4E7E-8F22-EAAE98A48A64}.Release|arm64.Build.0 = Release|arm64
		{B77401B4-F4D9-4E7E-8F22-EAAE98A48A64}.Release|x86.ActiveCfg = Release|x86
		{B77401B4-F4D9-4E7E-8F22-EAAE98A48A64}.Release|x86.Build.0 = Release|x86
	EndGlobalSection
	GlobalSection(SolutionProperties) = preSolution
		HideSolutionNode = FALSE
	EndGlobalSection
	GlobalSection(ExtensibilityGlobals) = postSolution
		SolutionGuid = {D6A18DCB-83FD-41A6-A167-978D1ED7EC93}
	EndGlobalSection
EndGlobal
